// !$*UTF8*$!
{
	archiveVersion = 1;
	classes = {
	};
	objectVersion = 50;
	objects = {

/* Begin PBXBuildFile section */
		DC8248D4221E95400088032A /* AppDelegate.swift in Sources */ = {isa = PBXBuildFile; fileRef = DC8248D3221E95400088032A /* AppDelegate.swift */; };
		DC8248D9221E95400088032A /* Main.storyboard in Resources */ = {isa = PBXBuildFile; fileRef = DC8248D7221E95400088032A /* Main.storyboard */; };
		DC8248DB221E95410088032A /* Assets.xcassets in Resources */ = {isa = PBXBuildFile; fileRef = DC8248DA221E95410088032A /* Assets.xcassets */; };
		DC8248DE221E95410088032A /* LaunchScreen.storyboard in Resources */ = {isa = PBXBuildFile; fileRef = DC8248DC221E95410088032A /* LaunchScreen.storyboard */; };
		DC8248E8221E95FC0088032A /* PirateShipTableViewController.swift in Sources */ = {isa = PBXBuildFile; fileRef = DC8248E7221E95FC0088032A /* PirateShipTableViewController.swift */; };
		DC8248EB221E98660088032A /* Pirate.swift in Sources */ = {isa = PBXBuildFile; fileRef = DC8248EA221E98660088032A /* Pirate.swift */; };
/* End PBXBuildFile section */

/* Begin PBXFileReference section */
		DC8248D0221E95400088032A /* PirateShip.app */ = {isa = PBXFileReference; explicitFileType = wrapper.application; includeInIndex = 0; path = PirateShip.app; sourceTree = BUILT_PRODUCTS_DIR; };
		DC8248D3221E95400088032A /* AppDelegate.swift */ = {isa = PBXFileReference; lastKnownFileType = sourcecode.swift; path = AppDelegate.swift; sourceTree = "<group>"; };
		DC8248D8221E95400088032A /* Base */ = {isa = PBXFileReference; lastKnownFileType = file.storyboard; name = Base; path = Base.lproj/Main.storyboard; sourceTree = "<group>"; };
		DC8248DA221E95410088032A /* Assets.xcassets */ = {isa = PBXFileReference; lastKnownFileType = folder.assetcatalog; path = Assets.xcassets; sourceTree = "<group>"; };
		DC8248DD221E95410088032A /* Base */ = {isa = PBXFileReference; lastKnownFileType = file.storyboard; name = Base; path = Base.lproj/LaunchScreen.storyboard; sourceTree = "<group>"; };
		DC8248DF221E95410088032A /* Info.plist */ = {isa = PBXFileReference; lastKnownFileType = text.plist.xml; path = Info.plist; sourceTree = "<group>"; };
		DC8248E7221E95FC0088032A /* PirateShipTableViewController.swift */ = {isa = PBXFileReference; lastKnownFileType = sourcecode.swift; path = PirateShipTableViewController.swift; sourceTree = "<group>"; };
		DC8248EA221E98660088032A /* Pirate.swift */ = {isa = PBXFileReference; lastKnownFileType = sourcecode.swift; path = Pirate.swift; sourceTree = "<group>"; };
/* End PBXFileReference section */

/* Begin PBXFrameworksBuildPhase section */
		DC8248CD221E95400088032A /* Frameworks */ = {
			isa = PBXFrameworksBuildPhase;
			buildActionMask = 2147483647;
			files = (
			);
			runOnlyForDeploymentPostprocessing = 0;
		};
/* End PBXFrameworksBuildPhase section */

/* Begin PBXGroup section */
		DC8248C7221E95400088032A = {
			isa = PBXGroup;
			children = (
				DC8248D2221E95400088032A /* PirateShip */,
				DC8248D1221E95400088032A /* Products */,
			);
			sourceTree = "<group>";
		};
		DC8248D1221E95400088032A /* Products */ = {
			isa = PBXGroup;
			children = (
				DC8248D0221E95400088032A /* PirateShip.app */,
			);
			name = Products;
			sourceTree = "<group>";
		};
		DC8248D2221E95400088032A /* PirateShip */ = {
			isa = PBXGroup;
			children = (
				DC8248E9221E984D0088032A /* Models */,
				DC8248D3221E95400088032A /* AppDelegate.swift */,
				DC8248D7221E95400088032A /* Main.storyboard */,
				DC8248DA221E95410088032A /* Assets.xcassets */,
				DC8248DC221E95410088032A /* LaunchScreen.storyboard */,
				DC8248DF221E95410088032A /* Info.plist */,
				DC8248E7221E95FC0088032A /* PirateShipTableViewController.swift */,
			);
			path = PirateShip;
			sourceTree = "<group>";
		};
		DC8248E9221E984D0088032A /* Models */ = {
			isa = PBXGroup;
			children = (
				DC8248EA221E98660088032A /* Pirate.swift */,
			);
			path = Models;
			sourceTree = "<group>";
		};
/* End PBXGroup section */

/* Begin PBXNativeTarget section */
		DC8248CF221E95400088032A /* PirateShip */ = {
			isa = PBXNativeTarget;
			buildConfigurationList = DC8248E2221E95410088032A /* Build configuration list for PBXNativeTarget "PirateShip" */;
			buildPhases = (
				DC8248CC221E95400088032A /* Sources */,
				DC8248CD221E95400088032A /* Frameworks */,
				DC8248CE221E95400088032A /* Resources */,
			);
			buildRules = (
			);
			dependencies = (
			);
			name = PirateShip;
			productName = PirateShip;
			productReference = DC8248D0221E95400088032A /* PirateShip.app */;
			productType = "com.apple.product-type.application";
		};
/* End PBXNativeTarget section */

/* Begin PBXProject section */
		DC8248C8221E95400088032A /* Project object */ = {
			isa = PBXProject;
			attributes = {
				LastSwiftUpdateCheck = 1010;
				LastUpgradeCheck = 1010;
				ORGANIZATIONNAME = Fontys;
				TargetAttributes = {
					DC8248CF221E95400088032A = {
						CreatedOnToolsVersion = 10.1;
					};
				};
			};
			buildConfigurationList = DC8248CB221E95400088032A /* Build configuration list for PBXProject "PirateShip" */;
			compatibilityVersion = "Xcode 9.3";
			developmentRegion = en;
			hasScannedForEncodings = 0;
			knownRegions = (
				en,
				Base,
			);
			mainGroup = DC8248C7221E95400088032A;
			productRefGroup = DC8248D1221E95400088032A /* Products */;
			projectDirPath = "";
			projectRoot = "";
			targets = (
				DC8248CF221E95400088032A /* PirateShip */,
			);
		};
/* End PBXProject section */

/* Begin PBXResourcesBuildPhase section */
		DC8248CE221E95400088032A /* Resources */ = {
			isa = PBXResourcesBuildPhase;
			buildActionMask = 2147483647;
			files = (
				DC8248DE221E95410088032A /* LaunchScreen.storyboard in Resources */,
				DC8248DB221E95410088032A /* Assets.xcassets in Resources */,
				DC8248D9221E95400088032A /* Main.storyboard in Resources */,
			);
			runOnlyForDeploymentPostprocessing = 0;
		};
/* End PBXResourcesBuildPhase section */

/* Begin PBXSourcesBuildPhase section */
		DC8248CC221E95400088032A /* Sources */ = {
			isa = PBXSourcesBuildPhase;
			buildActionMask = 2147483647;
			files = (
				DC8248EB221E98660088032A /* Pirate.swift in Sources */,
				DC8248E8221E95FC0088032A /* PirateShipTableViewController.swift in Sources */,
				DC8248D4221E95400088032A /* AppDelegate.swift in Sources */,
			);
			runOnlyForDeploymentPostprocessing = 0;
		};
/* End PBXSourcesBuildPhase section */

/* Begin PBXVariantGroup section */
		DC8248D7221E95400088032A /* Main.storyboard */ = {
			isa = PBXVariantGroup;
			children = (
				DC8248D8221E95400088032A /* Base */,
			);
			name = Main.storyboard;
			sourceTree = "<group>";
		};
		DC8248DC221E95410088032A /* LaunchScreen.storyboard */ = {
			isa = PBXVariantGroup;
			children = (
				DC8248DD221E95410088032A /* Base */,
			);
			name = LaunchScreen.storyboard;
			sourceTree = "<group>";
		};
/* End PBXVariantGroup section */

/* Begin XCBuildConfiguration section */
		DC8248E0221E95410088032A /* Debug */ = {
			isa = XCBuildConfiguration;
			buildSettings = {
				ALWAYS_SEARCH_USER_PATHS = NO;
				CLANG_ANALYZER_NONNULL = YES;
				CLANG_ANALYZER_NUMBER_OBJECT_CONVERSION = YES_AGGRESSIVE;
				CLANG_CXX_LANGUAGE_STANDARD = "gnu++14";
				CLANG_CXX_LIBRARY = "libc++";
				CLANG_ENABLE_MODULES = YES;
				CLANG_ENABLE_OBJC_ARC = YES;
				CLANG_ENABLE_OBJC_WEAK = YES;
				CLANG_WARN_BLOCK_CAPTURE_AUTORELEASING = YES;
				CLANG_WARN_BOOL_CONVERSION = YES;
				CLANG_WARN_COMMA = YES;
				CLANG_WARN_CONSTANT_CONVERSION = YES;
				CLANG_WARN_DEPRECATED_OBJC_IMPLEMENTATIONS = YES;
				CLANG_WARN_DIRECT_OBJC_ISA_USAGE = YES_ERROR;
				CLANG_WARN_DOCUMENTATION_COMMENTS = YES;
				CLANG_WARN_EMPTY_BODY = YES;
				CLANG_WARN_ENUM_CONVERSION = YES;
				CLANG_WARN_INFINITE_RECURSION = YES;
				CLANG_WARN_INT_CONVERSION = YES;
				CLANG_WARN_NON_LITERAL_NULL_CONVERSION = YES;
				CLANG_WARN_OBJC_IMPLICIT_RETAIN_SELF = YES;
				CLANG_WARN_OBJC_LITERAL_CONVERSION = YES;
				CLANG_WARN_OBJC_ROOT_CLASS = YES_ERROR;
				CLANG_WARN_RANGE_LOOP_ANALYSIS = YES;
				CLANG_WARN_STRICT_PROTOTYPES = YES;
				CLANG_WARN_SUSPICIOUS_MOVE = YES;
				CLANG_WARN_UNGUARDED_AVAILABILITY = YES_AGGRESSIVE;
				CLANG_WARN_UNREACHABLE_CODE = YES;
				CLANG_WARN__DUPLICATE_METHOD_MATCH = YES;
				CODE_SIGN_IDENTITY = "iPhone Developer";
				COPY_PHASE_STRIP = NO;
				DEBUG_INFORMATION_FORMAT = dwarf;
				ENABLE_STRICT_OBJC_MSGSEND = YES;
				ENABLE_TESTABILITY = YES;
				GCC_C_LANGUAGE_STANDARD = gnu11;
				GCC_DYNAMIC_NO_PIC = NO;
				GCC_NO_COMMON_BLOCKS = YES;
				GCC_OPTIMIZATION_LEVEL = 0;
				GCC_PREPROCESSOR_DEFINITIONS = (
					"DEBUG=1",
					"$(inherited)",
				);
				GCC_WARN_64_TO_32_BIT_CONVERSION = YES;
				GCC_WARN_ABOUT_RETURN_TYPE = YES_ERROR;
				GCC_WARN_UNDECLARED_SELECTOR = YES;
				GCC_WARN_UNINITIALIZED_AUTOS = YES_AGGRESSIVE;
				GCC_WARN_UNUSED_FUNCTION = YES;
				GCC_WARN_UNUSED_VARIABLE = YES;
				IPHONEOS_DEPLOYMENT_TARGET = 12.1;
				MTL_ENABLE_DEBUG_INFO = INCLUDE_SOURCE;
				MTL_FAST_MATH = YES;
				ONLY_ACTIVE_ARCH = YES;
				SDKROOT = iphoneos;
				SWIFT_ACTIVE_COMPILATION_CONDITIONS = DEBUG;
				SWIFT_OPTIMIZATION_LEVEL = "-Onone";
			};
			name = Debug;
		};
		DC8248E1221E95410088032A /* Release */ = {
			isa = XCBuildConfiguration;
			buildSettings = {
				ALWAYS_SEARCH_USER_PATHS = NO;
				CLANG_ANALYZER_NONNULL = YES;
				CLANG_ANALYZER_NUMBER_OBJECT_CONVERSION = YES_AGGRESSIVE;
				CLANG_CXX_LANGUAGE_STANDARD = "gnu++14";
				CLANG_CXX_LIBRARY = "libc++";
				CLANG_ENABLE_MODULES = YES;
				CLANG_ENABLE_OBJC_ARC = YES;
				CLANG_ENABLE_OBJC_WEAK = YES;
				CLANG_WARN_BLOCK_CAPTURE_AUTORELEASING = YES;
				CLANG_WARN_BOOL_CONVERSION = YES;
				CLANG_WARN_COMMA = YES;
				CLANG_WARN_CONSTANT_CONVERSION = YES;
				CLANG_WARN_DEPRECATED_OBJC_IMPLEMENTATIONS = YES;
				CLANG_WARN_DIRECT_OBJC_ISA_USAGE = YES_ERROR;
				CLANG_WARN_DOCUMENTATION_COMMENTS = YES;
				CLANG_WARN_EMPTY_BODY = YES;
				CLANG_WARN_ENUM_CONVERSION = YES;
				CLANG_WARN_INFINITE_RECURSION = YES;
				CLANG_WARN_INT_CONVERSION = YES;
				CLANG_WARN_NON_LITERAL_NULL_CONVERSION = YES;
				CLANG_WARN_OBJC_IMPLICIT_RETAIN_SELF = YES;
				CLANG_WARN_OBJC_LITERAL_CONVERSION = YES;
				CLANG_WARN_OBJC_ROOT_CLASS = YES_ERROR;
				CLANG_WARN_RANGE_LOOP_ANALYSIS = YES;
				CLANG_WARN_STRICT_PROTOTYPES = YES;
				CLANG_WARN_SUSPICIOUS_MOVE = YES;
				CLANG_WARN_UNGUARDED_AVAILABILITY = YES_AGGRESSIVE;
				CLANG_WARN_UNREACHABLE_CODE = YES;
				CLANG_WARN__DUPLICATE_METHOD_MATCH = YES;
				CODE_SIGN_IDENTITY = "iPhone Developer";
				COPY_PHASE_STRIP = NO;
				DEBUG_INFORMATION_FORMAT = "dwarf-with-dsym";
				ENABLE_NS_ASSERTIONS = NO;
				ENABLE_STRICT_OBJC_MSGSEND = YES;
				GCC_C_LANGUAGE_STANDARD = gnu11;
				GCC_NO_COMMON_BLOCKS = YES;
				GCC_WARN_64_TO_32_BIT_CONVERSION = YES;
				GCC_WARN_ABOUT_RETURN_TYPE = YES_ERROR;
				GCC_WARN_UNDECLARED_SELECTOR = YES;
				GCC_WARN_UNINITIALIZED_AUTOS = YES_AGGRESSIVE;
				GCC_WARN_UNUSED_FUNCTION = YES;
				GCC_WARN_UNUSED_VARIABLE = YES;
				IPHONEOS_DEPLOYMENT_TARGET = 12.1;
				MTL_ENABLE_DEBUG_INFO = NO;
				MTL_FAST_MATH = YES;
				SDKROOT = iphoneos;
				SWIFT_COMPILATION_MODE = wholemodule;
				SWIFT_OPTIMIZATION_LEVEL = "-O";
				VALIDATE_PRODUCT = YES;
			};
			name = Release;
		};
		DC8248E3221E95410088032A /* Debug */ = {
			isa = XCBuildConfiguration;
			buildSettings = {
				ASSETCATALOG_COMPILER_APPICON_NAME = AppIcon;
				CODE_SIGN_STYLE = Automatic;
				INFOPLIST_FILE = PirateShip/Info.plist;
				LD_RUNPATH_SEARCH_PATHS = (
					"$(inherited)",
					"@executable_path/Frameworks",
				);
				PRODUCT_BUNDLE_IDENTIFIER = Fontys.PirateShip;
				PRODUCT_NAME = "$(TARGET_NAME)";
				SWIFT_VERSION = 4.2;
				TARGETED_DEVICE_FAMILY = "1,2";
			};
			name = Debug;
		};
		DC8248E4221E95410088032A /* Release */ = {
			isa = XCBuildConfiguration;
			buildSettings = {
				ASSETCATALOG_COMPILER_APPICON_NAME = AppIcon;
				CODE_SIGN_STYLE = Automatic;
				INFOPLIST_FILE = PirateShip/Info.plist;
				LD_RUNPATH_SEARCH_PATHS = (
					"$(inherited)",
					"@executable_path/Frameworks",
				);
				PRODUCT_BUNDLE_IDENTIFIER = Fontys.PirateShip;
				PRODUCT_NAME = "$(TARGET_NAME)";
				SWIFT_VERSION = 4.2;
				TARGETED_DEVICE_FAMILY = "1,2";
			};
			name = Release;
		};
/* End XCBuildConfiguration section */

/* Begin XCConfigurationList section */
		DC8248CB221E95400088032A /* Build configuration list for PBXProject "PirateShip" */ = {
			isa = XCConfigurationList;
			buildConfigurations = (
				DC8248E0221E95410088032A /* Debug */,
				DC8248E1221E95410088032A /* Release */,
			);
			defaultConfigurationIsVisible = 0;
			defaultConfigurationName = Release;
		};
		DC8248E2221E95410088032A /* Build configuration list for PBXNativeTarget "PirateShip" */ = {
			isa = XCConfigurationList;
			buildConfigurations = (
				DC8248E3221E95410088032A /* Debug */,
				DC8248E4221E95410088032A /* Release */,
			);
			defaultConfigurationIsVisible = 0;
			defaultConfigurationName = Release;
		};
/* End XCConfigurationList section */
	};
	rootObject = DC8248C8221E95400088032A /* Project object */;
}
